// !$*UTF8*$!
{
	archiveVersion = 1;
	classes = {
	};
	objectVersion = 46;
	objects = {

/* Begin PBXBuildFile section */
		BCE98F391D6C3CE800AA2A3A /* AppDelegate.swift in Sources */ = {isa = PBXBuildFile; fileRef = BCE98F381D6C3CE800AA2A3A /* AppDelegate.swift */; };
		BCE98F3B1D6C3CE800AA2A3A /* ViewController.swift in Sources */ = {isa = PBXBuildFile; fileRef = BCE98F3A1D6C3CE800AA2A3A /* ViewController.swift */; };
		BCE98F3E1D6C3CE800AA2A3A /* Main.storyboard in Resources */ = {isa = PBXBuildFile; fileRef = BCE98F3C1D6C3CE800AA2A3A /* Main.storyboard */; };
		BCE98F401D6C3CE800AA2A3A /* Assets.xcassets in Resources */ = {isa = PBXBuildFile; fileRef = BCE98F3F1D6C3CE800AA2A3A /* Assets.xcassets */; };
		BCE98F431D6C3CE800AA2A3A /* LaunchScreen.storyboard in Resources */ = {isa = PBXBuildFile; fileRef = BCE98F411D6C3CE800AA2A3A /* LaunchScreen.storyboard */; };
		BCE98F6A1D6C888700AA2A3A /* 1_24.jpg in Resources */ = {isa = PBXBuildFile; fileRef = BCE98F681D6C888700AA2A3A /* 1_24.jpg */; };
		BCE98F6B1D6C888700AA2A3A /* snow.png in Resources */ = {isa = PBXBuildFile; fileRef = BCE98F691D6C888700AA2A3A /* snow.png */; };
		BCE98F711D6D30E500AA2A3A /* SnowClass.swift in Sources */ = {isa = PBXBuildFile; fileRef = BCE98F701D6D30E500AA2A3A /* SnowClass.swift */; };
/* End PBXBuildFile section */

/* Begin PBXFileReference section */
		BCE98F351D6C3CE800AA2A3A /* UI-1day-homework.app */ = {isa = PBXFileReference; explicitFileType = wrapper.application; includeInIndex = 0; path = "UI-1day-homework.app"; sourceTree = BUILT_PRODUCTS_DIR; };
		BCE98F381D6C3CE800AA2A3A /* AppDelegate.swift */ = {isa = PBXFileReference; lastKnownFileType = sourcecode.swift; path = AppDelegate.swift; sourceTree = "<group>"; };
		BCE98F3A1D6C3CE800AA2A3A /* ViewController.swift */ = {isa = PBXFileReference; lastKnownFileType = sourcecode.swift; path = ViewController.swift; sourceTree = "<group>"; };
		BCE98F3D1D6C3CE800AA2A3A /* Base */ = {isa = PBXFileReference; lastKnownFileType = file.storyboard; name = Base; path = Base.lproj/Main.storyboard; sourceTree = "<group>"; };
		BCE98F3F1D6C3CE800AA2A3A /* Assets.xcassets */ = {isa = PBXFileReference; lastKnownFileType = folder.assetcatalog; path = Assets.xcassets; sourceTree = "<group>"; };
		BCE98F421D6C3CE800AA2A3A /* Base */ = {isa = PBXFileReference; lastKnownFileType = file.storyboard; name = Base; path = Base.lproj/LaunchScreen.storyboard; sourceTree = "<group>"; };
		BCE98F441D6C3CE800AA2A3A /* Info.plist */ = {isa = PBXFileReference; lastKnownFileType = text.plist.xml; path = Info.plist; sourceTree = "<group>"; };
		BCE98F681D6C888700AA2A3A /* 1_24.jpg */ = {isa = PBXFileReference; lastKnownFileType = image.jpeg; path = 1_24.jpg; sourceTree = "<group>"; };
		BCE98F691D6C888700AA2A3A /* snow.png */ = {isa = PBXFileReference; lastKnownFileType = image.png; path = snow.png; sourceTree = "<group>"; };
		BCE98F701D6D30E500AA2A3A /* SnowClass.swift */ = {isa = PBXFileReference; fileEncoding = 4; lastKnownFileType = sourcecode.swift; path = SnowClass.swift; sourceTree = SOURCE_ROOT; };
/* End PBXFileReference section */

/* Begin PBXFrameworksBuildPhase section */
		BCE98F321D6C3CE800AA2A3A /* Frameworks */ = {
			isa = PBXFrameworksBuildPhase;
			buildActionMask = 2147483647;
			files = (
			);
			runOnlyForDeploymentPostprocessing = 0;
		};
/* End PBXFrameworksBuildPhase section */

/* Begin PBXGroup section */
		BCE98F2C1D6C3CE800AA2A3A = {
			isa = PBXGroup;
			children = (
				BCE98F371D6C3CE800AA2A3A /* UI-1day-homework */,
				BCE98F361D6C3CE800AA2A3A /* Products */,
			);
			sourceTree = "<group>";
		};
		BCE98F361D6C3CE800AA2A3A /* Products */ = {
			isa = PBXGroup;
			children = (
				BCE98F351D6C3CE800AA2A3A /* UI-1day-homework.app */,
			);
			name = Products;
			sourceTree = "<group>";
		};
		BCE98F371D6C3CE800AA2A3A /* UI-1day-homework */ = {
			isa = PBXGroup;
			children = (
				BCE98F381D6C3CE800AA2A3A /* AppDelegate.swift */,
				BCE98F3A1D6C3CE800AA2A3A /* ViewController.swift */,
				BCE98F701D6D30E500AA2A3A /* SnowClass.swift */,
				BCE98F681D6C888700AA2A3A /* 1_24.jpg */,
				BCE98F691D6C888700AA2A3A /* snow.png */,
				BCE98F3C1D6C3CE800AA2A3A /* Main.storyboard */,
				BCE98F3F1D6C3CE800AA2A3A /* Assets.xcassets */,
				BCE98F411D6C3CE800AA2A3A /* LaunchScreen.storyboard */,
				BCE98F441D6C3CE800AA2A3A /* Info.plist */,
			);
			path = "UI-1day-homework";
			sourceTree = "<group>";
		};
/* End PBXGroup section */

/* Begin PBXNativeTarget section */
		BCE98F341D6C3CE800AA2A3A /* UI-1day-homework */ = {
			isa = PBXNativeTarget;
			buildConfigurationList = BCE98F471D6C3CE800AA2A3A /* Build configuration list for PBXNativeTarget "UI-1day-homework" */;
			buildPhases = (
				BCE98F311D6C3CE800AA2A3A /* Sources */,
				BCE98F321D6C3CE800AA2A3A /* Frameworks */,
				BCE98F331D6C3CE800AA2A3A /* Resources */,
			);
			buildRules = (
			);
			dependencies = (
			);
			name = "UI-1day-homework";
			productName = "UI-1day-homework";
			productReference = BCE98F351D6C3CE800AA2A3A /* UI-1day-homework.app */;
			productType = "com.apple.product-type.application";
		};
/* End PBXNativeTarget section */

/* Begin PBXProject section */
		BCE98F2D1D6C3CE800AA2A3A /* Project object */ = {
			isa = PBXProject;
			attributes = {
				LastSwiftUpdateCheck = 0720;
				LastUpgradeCheck = 0720;
				ORGANIZATIONNAME = Amos;
				TargetAttributes = {
					BCE98F341D6C3CE800AA2A3A = {
						CreatedOnToolsVersion = 7.2.1;
					};
				};
			};
			buildConfigurationList = BCE98F301D6C3CE800AA2A3A /* Build configuration list for PBXProject "UI-1day-homework" */;
			compatibilityVersion = "Xcode 3.2";
			developmentRegion = English;
			hasScannedForEncodings = 0;
			knownRegions = (
				en,
				Base,
			);
			mainGroup = BCE98F2C1D6C3CE800AA2A3A;
			productRefGroup = BCE98F361D6C3CE800AA2A3A /* Products */;
			projectDirPath = "";
			projectRoot = "";
			targets = (
				BCE98F341D6C3CE800AA2A3A /* UI-1day-homework */,
			);
		};
/* End PBXProject section */

/* Begin PBXResourcesBuildPhase section */
		BCE98F331D6C3CE800AA2A3A /* Resources */ = {
			isa = PBXResourcesBuildPhase;
			buildActionMask = 2147483647;
			files = (
				BCE98F431D6C3CE800AA2A3A /* LaunchScreen.storyboard in Resources */,
				BCE98F6B1D6C888700AA2A3A /* snow.png in Resources */,
				BCE98F6A1D6C888700AA2A3A /* 1_24.jpg in Resources */,
				BCE98F401D6C3CE800AA2A3A /* Assets.xcassets in Resources */,
				BCE98F3E1D6C3CE800AA2A3A /* Main.storyboard in Resources */,
			);
			runOnlyForDeploymentPostprocessing = 0;
		};
/* End PBXResourcesBuildPhase section */

/* Begin PBXSourcesBuildPhase section */
		BCE98F311D6C3CE800AA2A3A /* Sources */ = {
			isa = PBXSourcesBuildPhase;
			buildActionMask = 2147483647;
			files = (
				BCE98F3B1D6C3CE800AA2A3A /* ViewController.swift in Sources */,
				BCE98F711D6D30E500AA2A3A /* SnowClass.swift in Sources */,
				BCE98F391D6C3CE800AA2A3A /* AppDelegate.swift in Sources */,
			);
			runOnlyForDeploymentPostprocessing = 0;
		};
/* End PBXSourcesBuildPhase section */

/* Begin PBXVariantGroup section */
		BCE98F3C1D6C3CE800AA2A3A /* Main.storyboard */ = {
			isa = PBXVariantGroup;
			children = (
				BCE98F3D1D6C3CE800AA2A3A /* Base */,
			);
			name = Main.storyboard;
			sourceTree = "<group>";
		};
		BCE98F411D6C3CE800AA2A3A /* LaunchScreen.storyboard */ = {
			isa = PBXVariantGroup;
			children = (
				BCE98F421D6C3CE800AA2A3A /* Base */,
			);
			name = LaunchScreen.storyboard;
			sourceTree = "<group>";
		};
/* End PBXVariantGroup section */

/* Begin XCBuildConfiguration section */
		BCE98F451D6C3CE800AA2A3A /* Debug */ = {
			isa = XCBuildConfiguration;
			buildSettings = {
				ALWAYS_SEARCH_USER_PATHS = NO;
				CLANG_CXX_LANGUAGE_STANDARD = "gnu++0x";
				CLANG_CXX_LIBRARY = "libc++";
				CLANG_ENABLE_MODULES = YES;
				CLANG_ENABLE_OBJC_ARC = YES;
				CLANG_WARN_BOOL_CONVERSION = YES;
				CLANG_WARN_CONSTANT_CONVERSION = YES;
				CLANG_WARN_DIRECT_OBJC_ISA_USAGE = YES_ERROR;
				CLANG_WARN_EMPTY_BODY = YES;
				CLANG_WARN_ENUM_CONVERSION = YES;
				CLANG_WARN_INT_CONVERSION = YES;
				CLANG_WARN_OBJC_ROOT_CLASS = YES_ERROR;
				CLANG_WARN_UNREACHABLE_CODE = YES;
				CLANG_WARN__DUPLICATE_METHOD_MATCH = YES;
				"CODE_SIGN_IDENTITY[sdk=iphoneos*]" = "iPhone Developer";
				COPY_PHASE_STRIP = NO;
				DEBUG_INFORMATION_FORMAT = dwarf;
				ENABLE_STRICT_OBJC_MSGSEND = YES;
				ENABLE_TESTABILITY = YES;
				GCC_C_LANGUAGE_STANDARD = gnu99;
				GCC_DYNAMIC_NO_PIC = NO;
				GCC_NO_COMMON_BLOCKS = YES;
				GCC_OPTIMIZATION_LEVEL = 0;
				GCC_PREPROCESSOR_DEFINITIONS = (
					"DEBUG=1",
					"$(inherited)",
				);
				GCC_WARN_64_TO_32_BIT_CONVERSION = YES;
				GCC_WARN_ABOUT_RETURN_TYPE = YES_ERROR;
				GCC_WARN_UNDECLARED_SELECTOR = YES;
				GCC_WARN_UNINITIALIZED_AUTOS = YES_AGGRESSIVE;
				GCC_WARN_UNUSED_FUNCTION = YES;
				GCC_WARN_UNUSED_VARIABLE = YES;
				IPHONEOS_DEPLOYMENT_TARGET = 9.2;
				MTL_ENABLE_DEBUG_INFO = YES;
				ONLY_ACTIVE_ARCH = YES;
				SDKROOT = iphoneos;
				SWIFT_OPTIMIZATION_LEVEL = "-Onone";
				TARGETED_DEVICE_FAMILY = "1,2";
			};
			name = Debug;
		};
		BCE98F461D6C3CE800AA2A3A /* Release */ = {
			isa = XCBuildConfiguration;
			buildSettings = {
				ALWAYS_SEARCH_USER_PATHS = NO;
				CLANG_CXX_LANGUAGE_STANDARD = "gnu++0x";
				CLANG_CXX_LIBRARY = "libc++";
				CLANG_ENABLE_MODULES = YES;
				CLANG_ENABLE_OBJC_ARC = YES;
				CLANG_WARN_BOOL_CONVERSION = YES;
				CLANG_WARN_CONSTANT_CONVERSION = YES;
				CLANG_WARN_DIRECT_OBJC_ISA_USAGE = YES_ERROR;
				CLANG_WARN_EMPTY_BODY = YES;
				CLANG_WARN_ENUM_CONVERSION = YES;
				CLANG_WARN_INT_CONVERSION = YES;
				CLANG_WARN_OBJC_ROOT_CLASS = YES_ERROR;
				CLANG_WARN_UNREACHABLE_CODE = YES;
				CLANG_WARN__DUPLICATE_METHOD_MATCH = YES;
				"CODE_SIGN_IDENTITY[sdk=iphoneos*]" = "iPhone Developer";
				COPY_PHASE_STRIP = NO;
				DEBUG_INFORMATION_FORMAT = "dwarf-with-dsym";
				ENABLE_NS_ASSERTIONS = NO;
				ENABLE_STRICT_OBJC_MSGSEND = YES;
				GCC_C_LANGUAGE_STANDARD = gnu99;
				GCC_NO_COMMON_BLOCKS = YES;
				GCC_WARN_64_TO_32_BIT_CONVERSION = YES;
				GCC_WARN_ABOUT_RETURN_TYPE = YES_ERROR;
				GCC_WARN_UNDECLARED_SELECTOR = YES;
				GCC_WARN_UNINITIALIZED_AUTOS = YES_AGGRESSIVE;
				GCC_WARN_UNUSED_FUNCTION = YES;
				GCC_WARN_UNUSED_VARIABLE = YES;
				IPHONEOS_DEPLOYMENT_TARGET = 9.2;
				MTL_ENABLE_DEBUG_INFO = NO;
				SDKROOT = iphoneos;
				TARGETED_DEVICE_FAMILY = "1,2";
				VALIDATE_PRODUCT = YES;
			};
			name = Release;
		};
		BCE98F481D6C3CE800AA2A3A /* Debug */ = {
			isa = XCBuildConfiguration;
			buildSettings = {
				ASSETCATALOG_COMPILER_APPICON_NAME = AppIcon;
				INFOPLIST_FILE = "UI-1day-homework/Info.plist";
				LD_RUNPATH_SEARCH_PATHS = "$(inherited) @executable_path/Frameworks";
				PRODUCT_BUNDLE_IDENTIFIER = "Amos.com.UI-1day-homework";
				PRODUCT_NAME = "$(TARGET_NAME)";
			};
			name = Debug;
		};
		BCE98F491D6C3CE800AA2A3A /* Release */ = {
			isa = XCBuildConfiguration;
			buildSettings = {
				ASSETCATALOG_COMPILER_APPICON_NAME = AppIcon;
				INFOPLIST_FILE = "UI-1day-homework/Info.plist";
				LD_RUNPATH_SEARCH_PATHS = "$(inherited) @executable_path/Frameworks";
				PRODUCT_BUNDLE_IDENTIFIER = "Amos.com.UI-1day-homework";
				PRODUCT_NAME = "$(TARGET_NAME)";
			};
			name = Release;
		};
/* End XCBuildConfiguration section */

/* Begin XCConfigurationList section */
		BCE98F301D6C3CE800AA2A3A /* Build configuration list for PBXProject "UI-1day-homework" */ = {
			isa = XCConfigurationList;
			buildConfigurations = (
				BCE98F451D6C3CE800AA2A3A /* Debug */,
				BCE98F461D6C3CE800AA2A3A /* Release */,
			);
			defaultConfigurationIsVisible = 0;
			defaultConfigurationName = Release;
		};
		BCE98F471D6C3CE800AA2A3A /* Build configuration list for PBXNativeTarget "UI-1day-homework" */ = {
			isa = XCConfigurationList;
			buildConfigurations = (
				BCE98F481D6C3CE800AA2A3A /* Debug */,
				BCE98F491D6C3CE800AA2A3A /* Release */,
			);
			defaultConfigurationIsVisible = 0;
			defaultConfigurationName = Release;
		};
/* End XCConfigurationList section */
	};
	rootObject = BCE98F2D1D6C3CE800AA2A3A /* Project object */;
}
